<Solution>
  <Folder Name="/solution/">
    <File Path=".editorconfig" />
    <File Path=".gitattributes" />
    <File Path=".gitignore" />
    <File Path="Directory.Build.props" />
    <File Path="Directory.Packages.props" />
    <File Path="README.md" />
    <File Path="global.json" />
    <File Path="nuget.config" />
  </Folder>
  <Folder Name="/src/">
    <Project Path="src/DDT.Agent/DDT.Agent.csproj" />
    <Project Path="src/DDT.AppHost/DDT.AppHost.csproj" />
    <Project Path="src/DDT.ConsoleProtocol/DDT.ConsoleProtocol.csproj" />
    <Project Path="src/DDT.Contracts/DDT.Contracts.csproj" />
    <Project Path="src/DDT.Core/DDT.Core.csproj" />
    <Project Path="src/DDT.Host/DDT.Host.csproj" />
    <Project Path="src/DDT.MachineConsole/DDT.MachineConsole.csproj" />
    <Project Path="src/DDT.Protocols/DDT.Protocols.csproj" />
    <Project Path="src/DDT.Pxe/DDT.Pxe.csproj" />
    <Project Path="src/DDT.Server/DDT.Server.csproj" />
    <Project Path="src/DDT.ServiceDefaults/DDT.ServiceDefaults.csproj" />
    <Project Path="src/DDT.Web/DDT.Web.esproj">
      <Build />
      <Deploy />
    </Project>
  </Folder>
  <Folder Name="/tests/">
    <Project Path="tests/DDT.Agent.Tests/DDT.Agent.Tests.csproj" />
    <Project Path="tests/DDT.Core.Tests/DDT.Core.Tests.csproj" />
    <Project Path="tests/DDT.E2E/DDT.E2E.csproj" />
    <Project Path="tests/DDT.MachineConsole.Tests/DDT.MachineConsole.Tests.csproj" />
    <Project Path="tests/DDT.Protocols.Tests/DDT.Protocols.Tests.csproj" />
    <Project Path="tests/DDT.Pxe.Tests/DDT.Pxe.Tests.csproj" />
    <Project Path="tests/DDT.Server.Tests/DDT.Server.Tests.csproj" />
  </Folder>
  <Folder Name="/build/">
    <File Path="build/Dockerfile" />
    <File Path="build/Dockerfile.dockerignore" />
    <File Path="build/compose.yaml" />
  </Folder>
</Solution>
